
Microsoft Visual Studio Solution File, Format Version 11.00
# Visual Studio 2010
Project("{FAE04EC0-301F-11D3-BF4B-00C04F79EFBC}") = "Time-Table Generator", "Time-Table Generator\Time-Table Generator.csproj", "{22A3A5F8-8702-4550-8E61-CFEDF7B6CF5D}"
EndProject
Global
	GlobalSection(SolutionConfigurationPlatforms) = preSolution
		Debug|x86 = Debug|x86
		Release|x86 = Release|x86
	EndGlobalSection
	GlobalSection(ProjectConfigurationPlatforms) = postSolution
		{22A3A5F8-8702-4550-8E61-CFEDF7B6CF5D}.Debug|x86.ActiveCfg = Debug|x86
		{22A3A5F8-8702-4550-8E61-CFEDF7B6CF5D}.Debug|x86.Build.0 = Debug|x86
		{22A3A5F8-8702-4550-8E61-CFEDF7B6CF5D}.Release|x86.ActiveCfg = Release|x86
		{22A3A5F8-8702-4550-8E61-CFEDF7B6CF5D}.Release|x86.Build.0 = Release|x86
	EndGlobalSection
	GlobalSection(SolutionProperties) = preSolution
		HideSolutionNode = FALSE
	EndGlobalSection
EndGlobal
